{
  "pins" : [
    {
      "identity" : "bottom-sheet",
      "kind" : "remoteSourceControl",
      "location" : "https://github.com/weitieda/bottom-sheet",
      "state" : {
        "branch" : "master",
        "revision" : "4e074d49f3148577ac66cf47b85a99d016480d01"
      }
    }
  ],
  "version" : 2
}
